// !$*UTF8*$!
{
	archiveVersion = 1;
	classes = {
	};
	objectVersion = 51;
	objects = {

/* Begin PBXBuildFile section */
		1857302C22A67FD500AAA96D /* AppDelegate.swift in Sources */ = {isa = PBXBuildFile; fileRef = 1857302B22A67FD500AAA96D /* AppDelegate.swift */; };
		1857302E22A67FD500AAA96D /* ViewController.swift in Sources */ = {isa = PBXBuildFile; fileRef = 1857302D22A67FD500AAA96D /* ViewController.swift */; };
		1857303122A67FD500AAA96D /* Main.storyboard in Resources */ = {isa = PBXBuildFile; fileRef = 1857302F22A67FD500AAA96D /* Main.storyboard */; };
		1857303322A67FD700AAA96D /* Assets.xcassets in Resources */ = {isa = PBXBuildFile; fileRef = 1857303222A67FD700AAA96D /* Assets.xcassets */; };
		1857303622A67FD700AAA96D /* LaunchScreen.storyboard in Resources */ = {isa = PBXBuildFile; fileRef = 1857303422A67FD700AAA96D /* LaunchScreen.storyboard */; };
		1857304122A67FD800AAA96D /* TravisDemoTests.swift in Sources */ = {isa = PBXBuildFile; fileRef = 1857304022A67FD800AAA96D /* TravisDemoTests.swift */; };
		1857304C22A67FD800AAA96D /* TravisDemoUITests.swift in Sources */ = {isa = PBXBuildFile; fileRef = 1857304B22A67FD800AAA96D /* TravisDemoUITests.swift */; };
		1857305C22A68A5B00AAA96D /* ViewController.swift in Sources */ = {isa = PBXBuildFile; fileRef = 1857302D22A67FD500AAA96D /* ViewController.swift */; };
		1857305D22A68A5B00AAA96D /* AppDelegate.swift in Sources */ = {isa = PBXBuildFile; fileRef = 1857302B22A67FD500AAA96D /* AppDelegate.swift */; };
		1857306122A68A5B00AAA96D /* LaunchScreen.storyboard in Resources */ = {isa = PBXBuildFile; fileRef = 1857303422A67FD700AAA96D /* LaunchScreen.storyboard */; };
		1857306222A68A5B00AAA96D /* Assets.xcassets in Resources */ = {isa = PBXBuildFile; fileRef = 1857303222A67FD700AAA96D /* Assets.xcassets */; };
		1857306322A68A5B00AAA96D /* Main.storyboard in Resources */ = {isa = PBXBuildFile; fileRef = 1857302F22A67FD500AAA96D /* Main.storyboard */; };
		4E05CBEB1C25B13F8999C268 /* Pods_TravisDemoTests.framework in Frameworks */ = {isa = PBXBuildFile; fileRef = 468D66289F835B469A4FB4AE /* Pods_TravisDemoTests.framework */; };
		EC9795BCC15DBB017D3B7B22 /* Pods_TravisDemoUITests.framework in Frameworks */ = {isa = PBXBuildFile; fileRef = 598A437307813EB2ADA5F55D /* Pods_TravisDemoUITests.framework */; };
/* End PBXBuildFile section */

/* Begin PBXContainerItemProxy section */
		1857303D22A67FD800AAA96D /* PBXContainerItemProxy */ = {
			isa = PBXContainerItemProxy;
			containerPortal = 1857302022A67FD500AAA96D /* Project object */;
			proxyType = 1;
			remoteGlobalIDString = 1857302722A67FD500AAA96D;
			remoteInfo = TravisDemo;
		};
		1857304822A67FD800AAA96D /* PBXContainerItemProxy */ = {
			isa = PBXContainerItemProxy;
			containerPortal = 1857302022A67FD500AAA96D /* Project object */;
			proxyType = 1;
			remoteGlobalIDString = 1857302722A67FD500AAA96D;
			remoteInfo = TravisDemo;
		};
/* End PBXContainerItemProxy section */

/* Begin PBXFileReference section */
		1857302822A67FD500AAA96D /* TravisDemo.app */ = {isa = PBXFileReference; explicitFileType = wrapper.application; includeInIndex = 0; path = TravisDemo.app; sourceTree = BUILT_PRODUCTS_DIR; };
		1857302B22A67FD500AAA96D /* AppDelegate.swift */ = {isa = PBXFileReference; lastKnownFileType = sourcecode.swift; path = AppDelegate.swift; sourceTree = "<group>"; };
		1857302D22A67FD500AAA96D /* ViewController.swift */ = {isa = PBXFileReference; lastKnownFileType = sourcecode.swift; path = ViewController.swift; sourceTree = "<group>"; };
		1857303022A67FD500AAA96D /* Base */ = {isa = PBXFileReference; lastKnownFileType = file.storyboard; name = Base; path = Base.lproj/Main.storyboard; sourceTree = "<group>"; };
		1857303222A67FD700AAA96D /* Assets.xcassets */ = {isa = PBXFileReference; lastKnownFileType = folder.assetcatalog; path = Assets.xcassets; sourceTree = "<group>"; };
		1857303522A67FD700AAA96D /* Base */ = {isa = PBXFileReference; lastKnownFileType = file.storyboard; name = Base; path = Base.lproj/LaunchScreen.storyboard; sourceTree = "<group>"; };
		1857303722A67FD700AAA96D /* Info.plist */ = {isa = PBXFileReference; lastKnownFileType = text.plist.xml; path = Info.plist; sourceTree = "<group>"; };
		1857303C22A67FD800AAA96D /* TravisDemoTests.xctest */ = {isa = PBXFileReference; explicitFileType = wrapper.cfbundle; includeInIndex = 0; path = TravisDemoTests.xctest; sourceTree = BUILT_PRODUCTS_DIR; };
		1857304022A67FD800AAA96D /* TravisDemoTests.swift */ = {isa = PBXFileReference; lastKnownFileType = sourcecode.swift; path = TravisDemoTests.swift; sourceTree = "<group>"; };
		1857304222A67FD800AAA96D /* Info.plist */ = {isa = PBXFileReference; lastKnownFileType = text.plist.xml; path = Info.plist; sourceTree = "<group>"; };
		1857304722A67FD800AAA96D /* TravisDemoUITests.xctest */ = {isa = PBXFileReference; explicitFileType = wrapper.cfbundle; includeInIndex = 0; path = TravisDemoUITests.xctest; sourceTree = BUILT_PRODUCTS_DIR; };
		1857304B22A67FD800AAA96D /* TravisDemoUITests.swift */ = {isa = PBXFileReference; lastKnownFileType = sourcecode.swift; path = TravisDemoUITests.swift; sourceTree = "<group>"; };
		1857304D22A67FD800AAA96D /* Info.plist */ = {isa = PBXFileReference; lastKnownFileType = text.plist.xml; path = Info.plist; sourceTree = "<group>"; };
		1857306822A68A5B00AAA96D /* TravisDemo_Dev.app */ = {isa = PBXFileReference; explicitFileType = wrapper.application; includeInIndex = 0; path = TravisDemo_Dev.app; sourceTree = BUILT_PRODUCTS_DIR; };
		1857306922A68A5B00AAA96D /* TravisDemo_Dev-Info.plist */ = {isa = PBXFileReference; lastKnownFileType = text.plist.xml; name = "TravisDemo_Dev-Info.plist"; path = "/Users/apple/Documents/Git/TravisDemo/TravisDemo/TravisDemo_Dev-Info.plist"; sourceTree = "<absolute>"; };
		20144E831229667119B0FD2E /* Pods-TravisDemoUITests.debug.xcconfig */ = {isa = PBXFileReference; includeInIndex = 1; lastKnownFileType = text.xcconfig; name = "Pods-TravisDemoUITests.debug.xcconfig"; path = "Target Support Files/Pods-TravisDemoUITests/Pods-TravisDemoUITests.debug.xcconfig"; sourceTree = "<group>"; };
		38AD6F446B3A43768E6645B3 /* Pods-TravisDemoTests.debug.xcconfig */ = {isa = PBXFileReference; includeInIndex = 1; lastKnownFileType = text.xcconfig; name = "Pods-TravisDemoTests.debug.xcconfig"; path = "Target Support Files/Pods-TravisDemoTests/Pods-TravisDemoTests.debug.xcconfig"; sourceTree = "<group>"; };
		468D66289F835B469A4FB4AE /* Pods_TravisDemoTests.framework */ = {isa = PBXFileReference; explicitFileType = wrapper.framework; includeInIndex = 0; path = Pods_TravisDemoTests.framework; sourceTree = BUILT_PRODUCTS_DIR; };
		598A437307813EB2ADA5F55D /* Pods_TravisDemoUITests.framework */ = {isa = PBXFileReference; explicitFileType = wrapper.framework; includeInIndex = 0; path = Pods_TravisDemoUITests.framework; sourceTree = BUILT_PRODUCTS_DIR; };
		5AD7FCDFC9A4F228F84DB826 /* Pods-TravisDemo.debug.xcconfig */ = {isa = PBXFileReference; includeInIndex = 1; lastKnownFileType = text.xcconfig; name = "Pods-TravisDemo.debug.xcconfig"; path = "Target Support Files/Pods-TravisDemo/Pods-TravisDemo.debug.xcconfig"; sourceTree = "<group>"; };
		7D8FE7C81DF31FC69BE125C1 /* Pods-TravisDemoTests.release.xcconfig */ = {isa = PBXFileReference; includeInIndex = 1; lastKnownFileType = text.xcconfig; name = "Pods-TravisDemoTests.release.xcconfig"; path = "Target Support Files/Pods-TravisDemoTests/Pods-TravisDemoTests.release.xcconfig"; sourceTree = "<group>"; };
		C50AC86FFBD94BCA2574AA47 /* Pods-TravisDemo.release.xcconfig */ = {isa = PBXFileReference; includeInIndex = 1; lastKnownFileType = text.xcconfig; name = "Pods-TravisDemo.release.xcconfig"; path = "Target Support Files/Pods-TravisDemo/Pods-TravisDemo.release.xcconfig"; sourceTree = "<group>"; };
		C52F2C9C94AEEEEBCA0B4FB0 /* Pods-TravisDemoUITests.release.xcconfig */ = {isa = PBXFileReference; includeInIndex = 1; lastKnownFileType = text.xcconfig; name = "Pods-TravisDemoUITests.release.xcconfig"; path = "Target Support Files/Pods-TravisDemoUITests/Pods-TravisDemoUITests.release.xcconfig"; sourceTree = "<group>"; };
		D0B65F63208CE9DDCC2CA492 /* Pods_TravisDemo.framework */ = {isa = PBXFileReference; explicitFileType = wrapper.framework; includeInIndex = 0; path = Pods_TravisDemo.framework; sourceTree = BUILT_PRODUCTS_DIR; };
/* End PBXFileReference section */

/* Begin PBXFrameworksBuildPhase section */
		1857302522A67FD500AAA96D /* Frameworks */ = {
			isa = PBXFrameworksBuildPhase;
			buildActionMask = 2147483647;
			files = (
			);
			runOnlyForDeploymentPostprocessing = 0;
		};
		1857303922A67FD800AAA96D /* Frameworks */ = {
			isa = PBXFrameworksBuildPhase;
			buildActionMask = 2147483647;
			files = (
				4E05CBEB1C25B13F8999C268 /* Pods_TravisDemoTests.framework in Frameworks */,
			);
			runOnlyForDeploymentPostprocessing = 0;
		};
		1857304422A67FD800AAA96D /* Frameworks */ = {
			isa = PBXFrameworksBuildPhase;
			buildActionMask = 2147483647;
			files = (
				EC9795BCC15DBB017D3B7B22 /* Pods_TravisDemoUITests.framework in Frameworks */,
			);
			runOnlyForDeploymentPostprocessing = 0;
		};
		1857305E22A68A5B00AAA96D /* Frameworks */ = {
			isa = PBXFrameworksBuildPhase;
			buildActionMask = 2147483647;
			files = (
			);
			runOnlyForDeploymentPostprocessing = 0;
		};
/* End PBXFrameworksBuildPhase section */

/* Begin PBXGroup section */
		1857301F22A67FD500AAA96D = {
			isa = PBXGroup;
			children = (
				1857302A22A67FD500AAA96D /* TravisDemo */,
				1857303F22A67FD800AAA96D /* TravisDemoTests */,
				1857304A22A67FD800AAA96D /* TravisDemoUITests */,
				1857302922A67FD500AAA96D /* Products */,
				B737074A09DE720ECA11A1E0 /* Pods */,
				B980D1601B67ABF46EA11383 /* Frameworks */,
				1857306922A68A5B00AAA96D /* TravisDemo_Dev-Info.plist */,
			);
			sourceTree = "<group>";
		};
		1857302922A67FD500AAA96D /* Products */ = {
			isa = PBXGroup;
			children = (
				1857302822A67FD500AAA96D /* TravisDemo.app */,
				1857303C22A67FD800AAA96D /* TravisDemoTests.xctest */,
				1857304722A67FD800AAA96D /* TravisDemoUITests.xctest */,
				1857306822A68A5B00AAA96D /* TravisDemo_Dev.app */,
			);
			name = Products;
			sourceTree = "<group>";
		};
		1857302A22A67FD500AAA96D /* TravisDemo */ = {
			isa = PBXGroup;
			children = (
				1857302B22A67FD500AAA96D /* AppDelegate.swift */,
				1857302D22A67FD500AAA96D /* ViewController.swift */,
				1857302F22A67FD500AAA96D /* Main.storyboard */,
				1857303222A67FD700AAA96D /* Assets.xcassets */,
				1857303422A67FD700AAA96D /* LaunchScreen.storyboard */,
				1857303722A67FD700AAA96D /* Info.plist */,
			);
			path = TravisDemo;
			sourceTree = "<group>";
		};
		1857303F22A67FD800AAA96D /* TravisDemoTests */ = {
			isa = PBXGroup;
			children = (
				1857304022A67FD800AAA96D /* TravisDemoTests.swift */,
				1857304222A67FD800AAA96D /* Info.plist */,
			);
			path = TravisDemoTests;
			sourceTree = "<group>";
		};
		1857304A22A67FD800AAA96D /* TravisDemoUITests */ = {
			isa = PBXGroup;
			children = (
				1857304B22A67FD800AAA96D /* TravisDemoUITests.swift */,
				1857304D22A67FD800AAA96D /* Info.plist */,
			);
			path = TravisDemoUITests;
			sourceTree = "<group>";
		};
		B737074A09DE720ECA11A1E0 /* Pods */ = {
			isa = PBXGroup;
			children = (
				38AD6F446B3A43768E6645B3 /* Pods-TravisDemoTests.debug.xcconfig */,
				7D8FE7C81DF31FC69BE125C1 /* Pods-TravisDemoTests.release.xcconfig */,
				20144E831229667119B0FD2E /* Pods-TravisDemoUITests.debug.xcconfig */,
				C52F2C9C94AEEEEBCA0B4FB0 /* Pods-TravisDemoUITests.release.xcconfig */,
				5AD7FCDFC9A4F228F84DB826 /* Pods-TravisDemo.debug.xcconfig */,
				C50AC86FFBD94BCA2574AA47 /* Pods-TravisDemo.release.xcconfig */,
			);
			path = Pods;
			sourceTree = "<group>";
		};
		B980D1601B67ABF46EA11383 /* Frameworks */ = {
			isa = PBXGroup;
			children = (
				D0B65F63208CE9DDCC2CA492 /* Pods_TravisDemo.framework */,
				468D66289F835B469A4FB4AE /* Pods_TravisDemoTests.framework */,
				598A437307813EB2ADA5F55D /* Pods_TravisDemoUITests.framework */,
			);
			name = Frameworks;
			sourceTree = "<group>";
		};
/* End PBXGroup section */

/* Begin PBXNativeTarget section */
		1857302722A67FD500AAA96D /* TravisDemo */ = {
			isa = PBXNativeTarget;
			buildConfigurationList = 1857305022A67FD800AAA96D /* Build configuration list for PBXNativeTarget "TravisDemo" */;
			buildPhases = (
				94C18BBBF55689A51D3664B1 /* [CP] Check Pods Manifest.lock */,
				1857302422A67FD500AAA96D /* Sources */,
				1857302522A67FD500AAA96D /* Frameworks */,
				1857302622A67FD500AAA96D /* Resources */,
				616C5136CEBD665BDB8BC342 /* [CP] Embed Pods Frameworks */,
			);
			buildRules = (
			);
			dependencies = (
			);
			name = TravisDemo;
			productName = TravisDemo;
			productReference = 1857302822A67FD500AAA96D /* TravisDemo.app */;
			productType = "com.apple.product-type.application";
		};
		1857303B22A67FD800AAA96D /* TravisDemoTests */ = {
			isa = PBXNativeTarget;
			buildConfigurationList = 1857305322A67FD800AAA96D /* Build configuration list for PBXNativeTarget "TravisDemoTests" */;
			buildPhases = (
				504F8DC7DB341380F82099F0 /* [CP] Check Pods Manifest.lock */,
				1857303822A67FD800AAA96D /* Sources */,
				1857303922A67FD800AAA96D /* Frameworks */,
				1857303A22A67FD800AAA96D /* Resources */,
			);
			buildRules = (
			);
			dependencies = (
				1857303E22A67FD800AAA96D /* PBXTargetDependency */,
			);
			name = TravisDemoTests;
			productName = TravisDemoTests;
			productReference = 1857303C22A67FD800AAA96D /* TravisDemoTests.xctest */;
			productType = "com.apple.product-type.bundle.unit-test";
		};
		1857304622A67FD800AAA96D /* TravisDemoUITests */ = {
			isa = PBXNativeTarget;
			buildConfigurationList = 1857305622A67FD800AAA96D /* Build configuration list for PBXNativeTarget "TravisDemoUITests" */;
			buildPhases = (
				49E12FCB756E25D42D78E4F1 /* [CP] Check Pods Manifest.lock */,
				1857304322A67FD800AAA96D /* Sources */,
				1857304422A67FD800AAA96D /* Frameworks */,
				1857304522A67FD800AAA96D /* Resources */,
			);
			buildRules = (
			);
			dependencies = (
				1857304922A67FD800AAA96D /* PBXTargetDependency */,
			);
			name = TravisDemoUITests;
			productName = TravisDemoUITests;
			productReference = 1857304722A67FD800AAA96D /* TravisDemoUITests.xctest */;
			productType = "com.apple.product-type.bundle.ui-testing";
		};
		1857305922A68A5B00AAA96D /* TravisDemo_Dev */ = {
			isa = PBXNativeTarget;
			buildConfigurationList = 1857306522A68A5B00AAA96D /* Build configuration list for PBXNativeTarget "TravisDemo_Dev" */;
			buildPhases = (
				1857305B22A68A5B00AAA96D /* Sources */,
				1857305E22A68A5B00AAA96D /* Frameworks */,
				1857306022A68A5B00AAA96D /* Resources */,
			);
			buildRules = (
			);
			dependencies = (
			);
			name = TravisDemo_Dev;
			productName = TravisDemo;
			productReference = 1857306822A68A5B00AAA96D /* TravisDemo_Dev.app */;
			productType = "com.apple.product-type.application";
		};
/* End PBXNativeTarget section */

/* Begin PBXProject section */
		1857302022A67FD500AAA96D /* Project object */ = {
			isa = PBXProject;
			attributes = {
				LastSwiftUpdateCheck = 1010;
				LastUpgradeCheck = 1010;
				ORGANIZATIONNAME = apple;
				TargetAttributes = {
					1857302722A67FD500AAA96D = {
						CreatedOnToolsVersion = 10.1;
					};
					1857303B22A67FD800AAA96D = {
						CreatedOnToolsVersion = 10.1;
						TestTargetID = 1857302722A67FD500AAA96D;
					};
					1857304622A67FD800AAA96D = {
						CreatedOnToolsVersion = 10.1;
						TestTargetID = 1857302722A67FD500AAA96D;
					};
				};
			};
			buildConfigurationList = 1857302322A67FD500AAA96D /* Build configuration list for PBXProject "TravisDemo" */;
			compatibilityVersion = "Xcode 9.3";
			developmentRegion = en;
			hasScannedForEncodings = 0;
			knownRegions = (
				en,
				Base,
			);
			mainGroup = 1857301F22A67FD500AAA96D;
			productRefGroup = 1857302922A67FD500AAA96D /* Products */;
			projectDirPath = "";
			projectRoot = "";
			targets = (
				1857302722A67FD500AAA96D /* TravisDemo */,
				1857303B22A67FD800AAA96D /* TravisDemoTests */,
				1857304622A67FD800AAA96D /* TravisDemoUITests */,
				1857305922A68A5B00AAA96D /* TravisDemo_Dev */,
			);
		};
/* End PBXProject section */

/* Begin PBXResourcesBuildPhase section */
		1857302622A67FD500AAA96D /* Resources */ = {
			isa = PBXResourcesBuildPhase;
			buildActionMask = 2147483647;
			files = (
				1857303622A67FD700AAA96D /* LaunchScreen.storyboard in Resources */,
				1857303322A67FD700AAA96D /* Assets.xcassets in Resources */,
				1857303122A67FD500AAA96D /* Main.storyboard in Resources */,
			);
			runOnlyForDeploymentPostprocessing = 0;
		};
		1857303A22A67FD800AAA96D /* Resources */ = {
			isa = PBXResourcesBuildPhase;
			buildActionMask = 2147483647;
			files = (
			);
			runOnlyForDeploymentPostprocessing = 0;
		};
		1857304522A67FD800AAA96D /* Resources */ = {
			isa = PBXResourcesBuildPhase;
			buildActionMask = 2147483647;
			files = (
			);
			runOnlyForDeploymentPostprocessing = 0;
		};
		1857306022A68A5B00AAA96D /* Resources */ = {
			isa = PBXResourcesBuildPhase;
			buildActionMask = 2147483647;
			files = (
				1857306122A68A5B00AAA96D /* LaunchScreen.storyboard in Resources */,
				1857306222A68A5B00AAA96D /* Assets.xcassets in Resources */,
				1857306322A68A5B00AAA96D /* Main.storyboard in Resources */,
			);
			runOnlyForDeploymentPostprocessing = 0;
		};
/* End PBXResourcesBuildPhase section */

/* Begin PBXShellScriptBuildPhase section */
		49E12FCB756E25D42D78E4F1 /* [CP] Check Pods Manifest.lock */ = {
			isa = PBXShellScriptBuildPhase;
			buildActionMask = 2147483647;
			files = (
			);
			inputFileListPaths = (
			);
			inputPaths = (
				"${PODS_PODFILE_DIR_PATH}/Podfile.lock",
				"${PODS_ROOT}/Manifest.lock",
			);
			name = "[CP] Check Pods Manifest.lock";
			outputFileListPaths = (
			);
			outputPaths = (
				"$(DERIVED_FILE_DIR)/Pods-TravisDemoUITests-checkManifestLockResult.txt",
			);
			runOnlyForDeploymentPostprocessing = 0;
			shellPath = /bin/sh;
			shellScript = "diff \"${PODS_PODFILE_DIR_PATH}/Podfile.lock\" \"${PODS_ROOT}/Manifest.lock\" > /dev/null\nif [ $? != 0 ] ; then\n    # print error to STDERR\n    echo \"error: The sandbox is not in sync with the Podfile.lock. Run 'pod install' or update your CocoaPods installation.\" >&2\n    exit 1\nfi\n# This output is used by Xcode 'outputs' to avoid re-running this script phase.\necho \"SUCCESS\" > \"${SCRIPT_OUTPUT_FILE_0}\"\n";
			showEnvVarsInLog = 0;
		};
		504F8DC7DB341380F82099F0 /* [CP] Check Pods Manifest.lock */ = {
			isa = PBXShellScriptBuildPhase;
			buildActionMask = 2147483647;
			files = (
			);
			inputFileListPaths = (
			);
			inputPaths = (
				"${PODS_PODFILE_DIR_PATH}/Podfile.lock",
				"${PODS_ROOT}/Manifest.lock",
			);
			name = "[CP] Check Pods Manifest.lock";
			outputFileListPaths = (
			);
			outputPaths = (
				"$(DERIVED_FILE_DIR)/Pods-TravisDemoTests-checkManifestLockResult.txt",
			);
			runOnlyForDeploymentPostprocessing = 0;
			shellPath = /bin/sh;
			shellScript = "diff \"${PODS_PODFILE_DIR_PATH}/Podfile.lock\" \"${PODS_ROOT}/Manifest.lock\" > /dev/null\nif [ $? != 0 ] ; then\n    # print error to STDERR\n    echo \"error: The sandbox is not in sync with the Podfile.lock. Run 'pod install' or update your CocoaPods installation.\" >&2\n    exit 1\nfi\n# This output is used by Xcode 'outputs' to avoid re-running this script phase.\necho \"SUCCESS\" > \"${SCRIPT_OUTPUT_FILE_0}\"\n";
			showEnvVarsInLog = 0;
		};
		616C5136CEBD665BDB8BC342 /* [CP] Embed Pods Frameworks */ = {
			isa = PBXShellScriptBuildPhase;
			buildActionMask = 2147483647;
			files = (
			);
			inputFileListPaths = (
				"${PODS_ROOT}/Target Support Files/Pods-TravisDemo/Pods-TravisDemo-frameworks-${CONFIGURATION}-input-files.xcfilelist",
			);
			name = "[CP] Embed Pods Frameworks";
			outputFileListPaths = (
				"${PODS_ROOT}/Target Support Files/Pods-TravisDemo/Pods-TravisDemo-frameworks-${CONFIGURATION}-output-files.xcfilelist",
			);
			runOnlyForDeploymentPostprocessing = 0;
			shellPath = /bin/sh;
			shellScript = "\"${PODS_ROOT}/Target Support Files/Pods-TravisDemo/Pods-TravisDemo-frameworks.sh\"\n";
			showEnvVarsInLog = 0;
		};
		94C18BBBF55689A51D3664B1 /* [CP] Check Pods Manifest.lock */ = {
			isa = PBXShellScriptBuildPhase;
			buildActionMask = 2147483647;
			files = (
			);
			inputFileListPaths = (
			);
			inputPaths = (
				"${PODS_PODFILE_DIR_PATH}/Podfile.lock",
				"${PODS_ROOT}/Manifest.lock",
			);
			name = "[CP] Check Pods Manifest.lock";
			outputFileListPaths = (
			);
			outputPaths = (
				"$(DERIVED_FILE_DIR)/Pods-TravisDemo-checkManifestLockResult.txt",
			);
			runOnlyForDeploymentPostprocessing = 0;
			shellPath = /bin/sh;
			shellScript = "diff \"${PODS_PODFILE_DIR_PATH}/Podfile.lock\" \"${PODS_ROOT}/Manifest.lock\" > /dev/null\nif [ $? != 0 ] ; then\n    # print error to STDERR\n    echo \"error: The sandbox is not in sync with the Podfile.lock. Run 'pod install' or update your CocoaPods installation.\" >&2\n    exit 1\nfi\n# This output is used by Xcode 'outputs' to avoid re-running this script phase.\necho \"SUCCESS\" > \"${SCRIPT_OUTPUT_FILE_0}\"\n";
			showEnvVarsInLog = 0;
		};
/* End PBXShellScriptBuildPhase section */

/* Begin PBXSourcesBuildPhase section */
		1857302422A67FD500AAA96D /* Sources */ = {
			isa = PBXSourcesBuildPhase;
			buildActionMask = 2147483647;
			files = (
				1857302E22A67FD500AAA96D /* ViewController.swift in Sources */,
				1857302C22A67FD500AAA96D /* AppDelegate.swift in Sources */,
			);
			runOnlyForDeploymentPostprocessing = 0;
		};
		1857303822A67FD800AAA96D /* Sources */ = {
			isa = PBXSourcesBuildPhase;
			buildActionMask = 2147483647;
			files = (
				1857304122A67FD800AAA96D /* TravisDemoTests.swift in Sources */,
			);
			runOnlyForDeploymentPostprocessing = 0;
		};
		1857304322A67FD800AAA96D /* Sources */ = {
			isa = PBXSourcesBuildPhase;
			buildActionMask = 2147483647;
			files = (
				1857304C22A67FD800AAA96D /* TravisDemoUITests.swift in Sources */,
			);
			runOnlyForDeploymentPostprocessing = 0;
		};
		1857305B22A68A5B00AAA96D /* Sources */ = {
			isa = PBXSourcesBuildPhase;
			buildActionMask = 2147483647;
			files = (
				1857305C22A68A5B00AAA96D /* ViewController.swift in Sources */,
				1857305D22A68A5B00AAA96D /* AppDelegate.swift in Sources */,
			);
			runOnlyForDeploymentPostprocessing = 0;
		};
/* End PBXSourcesBuildPhase section */

/* Begin PBXTargetDependency section */
		1857303E22A67FD800AAA96D /* PBXTargetDependency */ = {
			isa = PBXTargetDependency;
			target = 1857302722A67FD500AAA96D /* TravisDemo */;
			targetProxy = 1857303D22A67FD800AAA96D /* PBXContainerItemProxy */;
		};
		1857304922A67FD800AAA96D /* PBXTargetDependency */ = {
			isa = PBXTargetDependency;
			target = 1857302722A67FD500AAA96D /* TravisDemo */;
			targetProxy = 1857304822A67FD800AAA96D /* PBXContainerItemProxy */;
		};
/* End PBXTargetDependency section */

/* Begin PBXVariantGroup section */
		1857302F22A67FD500AAA96D /* Main.storyboard */ = {
			isa = PBXVariantGroup;
			children = (
				1857303022A67FD500AAA96D /* Base */,
			);
			name = Main.storyboard;
			sourceTree = "<group>";
		};
		1857303422A67FD700AAA96D /* LaunchScreen.storyboard */ = {
			isa = PBXVariantGroup;
			children = (
				1857303522A67FD700AAA96D /* Base */,
			);
			name = LaunchScreen.storyboard;
			sourceTree = "<group>";
		};
/* End PBXVariantGroup section */

/* Begin XCBuildConfiguration section */
		1857304E22A67FD800AAA96D /* Debug */ = {
			isa = XCBuildConfiguration;
			buildSettings = {
				ALWAYS_SEARCH_USER_PATHS = NO;
				CLANG_ANALYZER_NONNULL = YES;
				CLANG_ANALYZER_NUMBER_OBJECT_CONVERSION = YES_AGGRESSIVE;
				CLANG_CXX_LANGUAGE_STANDARD = "gnu++14";
				CLANG_CXX_LIBRARY = "libc++";
				CLANG_ENABLE_MODULES = YES;
				CLANG_ENABLE_OBJC_ARC = YES;
				CLANG_ENABLE_OBJC_WEAK = YES;
				CLANG_WARN_BLOCK_CAPTURE_AUTORELEASING = YES;
				CLANG_WARN_BOOL_CONVERSION = YES;
				CLANG_WARN_COMMA = YES;
				CLANG_WARN_CONSTANT_CONVERSION = YES;
				CLANG_WARN_DEPRECATED_OBJC_IMPLEMENTATIONS = YES;
				CLANG_WARN_DIRECT_OBJC_ISA_USAGE = YES_ERROR;
				CLANG_WARN_DOCUMENTATION_COMMENTS = YES;
				CLANG_WARN_EMPTY_BODY = YES;
				CLANG_WARN_ENUM_CONVERSION = YES;
				CLANG_WARN_INFINITE_RECURSION = YES;
				CLANG_WARN_INT_CONVERSION = YES;
				CLANG_WARN_NON_LITERAL_NULL_CONVERSION = YES;
				CLANG_WARN_OBJC_IMPLICIT_RETAIN_SELF = YES;
				CLANG_WARN_OBJC_LITERAL_CONVERSION = YES;
				CLANG_WARN_OBJC_ROOT_CLASS = YES_ERROR;
				CLANG_WARN_RANGE_LOOP_ANALYSIS = YES;
				CLANG_WARN_STRICT_PROTOTYPES = YES;
				CLANG_WARN_SUSPICIOUS_MOVE = YES;
				CLANG_WARN_UNGUARDED_AVAILABILITY = YES_AGGRESSIVE;
				CLANG_WARN_UNREACHABLE_CODE = YES;
				CLANG_WARN__DUPLICATE_METHOD_MATCH = YES;
				CODE_SIGN_IDENTITY = "iPhone Developer";
				COPY_PHASE_STRIP = NO;
				DEBUG_INFORMATION_FORMAT = dwarf;
				ENABLE_STRICT_OBJC_MSGSEND = YES;
				ENABLE_TESTABILITY = YES;
				GCC_C_LANGUAGE_STANDARD = gnu11;
				GCC_DYNAMIC_NO_PIC = NO;
				GCC_NO_COMMON_BLOCKS = YES;
				GCC_OPTIMIZATION_LEVEL = 0;
				GCC_PREPROCESSOR_DEFINITIONS = (
					"DEBUG=1",
					"$(inherited)",
				);
				GCC_WARN_64_TO_32_BIT_CONVERSION = YES;
				GCC_WARN_ABOUT_RETURN_TYPE = YES_ERROR;
				GCC_WARN_UNDECLARED_SELECTOR = YES;
				GCC_WARN_UNINITIALIZED_AUTOS = YES_AGGRESSIVE;
				GCC_WARN_UNUSED_FUNCTION = YES;
				GCC_WARN_UNUSED_VARIABLE = YES;
				IPHONEOS_DEPLOYMENT_TARGET = 12.1;
				MTL_ENABLE_DEBUG_INFO = INCLUDE_SOURCE;
				MTL_FAST_MATH = YES;
				ONLY_ACTIVE_ARCH = YES;
				SDKROOT = iphoneos;
				SWIFT_ACTIVE_COMPILATION_CONDITIONS = DEBUG;
				SWIFT_OPTIMIZATION_LEVEL = "-Onone";
				SWIFT_REFLECTION_METADATA_LEVEL = none;
			};
			name = Debug;
		};
		1857304F22A67FD800AAA96D /* Release */ = {
			isa = XCBuildConfiguration;
			buildSettings = {
				ALWAYS_SEARCH_USER_PATHS = NO;
				CLANG_ANALYZER_NONNULL = YES;
				CLANG_ANALYZER_NUMBER_OBJECT_CONVERSION = YES_AGGRESSIVE;
				CLANG_CXX_LANGUAGE_STANDARD = "gnu++14";
				CLANG_CXX_LIBRARY = "libc++";
				CLANG_ENABLE_MODULES = YES;
				CLANG_ENABLE_OBJC_ARC = YES;
				CLANG_ENABLE_OBJC_WEAK = YES;
				CLANG_WARN_BLOCK_CAPTURE_AUTORELEASING = YES;
				CLANG_WARN_BOOL_CONVERSION = YES;
				CLANG_WARN_COMMA = YES;
				CLANG_WARN_CONSTANT_CONVERSION = YES;
				CLANG_WARN_DEPRECATED_OBJC_IMPLEMENTATIONS = YES;
				CLANG_WARN_DIRECT_OBJC_ISA_USAGE = YES_ERROR;
				CLANG_WARN_DOCUMENTATION_COMMENTS = YES;
				CLANG_WARN_EMPTY_BODY = YES;
				CLANG_WARN_ENUM_CONVERSION = YES;
				CLANG_WARN_INFINITE_RECURSION = YES;
				CLANG_WARN_INT_CONVERSION = YES;
				CLANG_WARN_NON_LITERAL_NULL_CONVERSION = YES;
				CLANG_WARN_OBJC_IMPLICIT_RETAIN_SELF = YES;
				CLANG_WARN_OBJC_LITERAL_CONVERSION = YES;
				CLANG_WARN_OBJC_ROOT_CLASS = YES_ERROR;
				CLANG_WARN_RANGE_LOOP_ANALYSIS = YES;
				CLANG_WARN_STRICT_PROTOTYPES = YES;
				CLANG_WARN_SUSPICIOUS_MOVE = YES;
				CLANG_WARN_UNGUARDED_AVAILABILITY = YES_AGGRESSIVE;
				CLANG_WARN_UNREACHABLE_CODE = YES;
				CLANG_WARN__DUPLICATE_METHOD_MATCH = YES;
				CODE_SIGN_IDENTITY = "iPhone Developer";
				COPY_PHASE_STRIP = NO;
				DEBUG_INFORMATION_FORMAT = "dwarf-with-dsym";
				ENABLE_NS_ASSERTIONS = NO;
				ENABLE_STRICT_OBJC_MSGSEND = YES;
				GCC_C_LANGUAGE_STANDARD = gnu11;
				GCC_NO_COMMON_BLOCKS = YES;
				GCC_WARN_64_TO_32_BIT_CONVERSION = YES;
				GCC_WARN_ABOUT_RETURN_TYPE = YES_ERROR;
				GCC_WARN_UNDECLARED_SELECTOR = YES;
				GCC_WARN_UNINITIALIZED_AUTOS = YES_AGGRESSIVE;
				GCC_WARN_UNUSED_FUNCTION = YES;
				GCC_WARN_UNUSED_VARIABLE = YES;
				IPHONEOS_DEPLOYMENT_TARGET = 12.1;
				MTL_ENABLE_DEBUG_INFO = NO;
				MTL_FAST_MATH = YES;
				SDKROOT = iphoneos;
				SWIFT_COMPILATION_MODE = wholemodule;
				SWIFT_OPTIMIZATION_LEVEL = "-O";
				SWIFT_REFLECTION_METADATA_LEVEL = none;
				VALIDATE_PRODUCT = YES;
			};
			name = Release;
		};
		1857305122A67FD800AAA96D /* Debug */ = {
			isa = XCBuildConfiguration;
			baseConfigurationReference = 5AD7FCDFC9A4F228F84DB826 /* Pods-TravisDemo.debug.xcconfig */;
			buildSettings = {
				ASSETCATALOG_COMPILER_APPICON_NAME = AppIcon;
				CODE_SIGN_STYLE = Automatic;
				DEVELOPMENT_TEAM = YZX53Y3F3U;
				INFOPLIST_FILE = TravisDemo/Info.plist;
				LD_RUNPATH_SEARCH_PATHS = (
					"$(inherited)",
					"@executable_path/Frameworks",
				);
				PRODUCT_BUNDLE_IDENTIFIER = tatamotors.TravisDemo;
				PRODUCT_NAME = "$(TARGET_NAME)";
				SWIFT_ACTIVE_COMPILATION_CONDITIONS = PROD;
				SWIFT_REFLECTION_METADATA_LEVEL = none;
				SWIFT_VERSION = 4.2;
				TARGETED_DEVICE_FAMILY = "1,2";
			};
			name = Debug;
		};
		1857305222A67FD800AAA96D /* Release */ = {
			isa = XCBuildConfiguration;
			baseConfigurationReference = C50AC86FFBD94BCA2574AA47 /* Pods-TravisDemo.release.xcconfig */;
			buildSettings = {
				ASSETCATALOG_COMPILER_APPICON_NAME = AppIcon;
				CODE_SIGN_STYLE = Automatic;
				DEVELOPMENT_TEAM = YZX53Y3F3U;
				INFOPLIST_FILE = TravisDemo/Info.plist;
				LD_RUNPATH_SEARCH_PATHS = (
					"$(inherited)",
					"@executable_path/Frameworks",
				);
				PRODUCT_BUNDLE_IDENTIFIER = tatamotors.TravisDemo;
				PRODUCT_NAME = "$(TARGET_NAME)";
				SWIFT_ACTIVE_COMPILATION_CONDITIONS = PROD;
				SWIFT_REFLECTION_METADATA_LEVEL = none;
				SWIFT_VERSION = 4.2;
				TARGETED_DEVICE_FAMILY = "1,2";
			};
			name = Release;
		};
		1857305422A67FD800AAA96D /* Debug */ = {
			isa = XCBuildConfiguration;
			baseConfigurationReference = 38AD6F446B3A43768E6645B3 /* Pods-TravisDemoTests.debug.xcconfig */;
			buildSettings = {
				ALWAYS_EMBED_SWIFT_STANDARD_LIBRARIES = YES;
				BUNDLE_LOADER = "$(TEST_HOST)";
				CODE_SIGN_STYLE = Automatic;
				DEVELOPMENT_TEAM = YZX53Y3F3U;
				INFOPLIST_FILE = TravisDemoTests/Info.plist;
				LD_RUNPATH_SEARCH_PATHS = (
					"$(inherited)",
					"@executable_path/Frameworks",
					"@loader_path/Frameworks",
				);
				PRODUCT_BUNDLE_IDENTIFIER = tatamotors.TravisDemoTests;
				PRODUCT_NAME = "$(TARGET_NAME)";
				SWIFT_VERSION = 4.2;
				TARGETED_DEVICE_FAMILY = "1,2";
				TEST_HOST = "$(BUILT_PRODUCTS_DIR)/TravisDemo.app/TravisDemo";
			};
			name = Debug;
		};
		1857305522A67FD800AAA96D /* Release */ = {
			isa = XCBuildConfiguration;
			baseConfigurationReference = 7D8FE7C81DF31FC69BE125C1 /* Pods-TravisDemoTests.release.xcconfig */;
			buildSettings = {
				ALWAYS_EMBED_SWIFT_STANDARD_LIBRARIES = YES;
				BUNDLE_LOADER = "$(TEST_HOST)";
				CODE_SIGN_STYLE = Automatic;
				DEVELOPMENT_TEAM = YZX53Y3F3U;
				INFOPLIST_FILE = TravisDemoTests/Info.plist;
				LD_RUNPATH_SEARCH_PATHS = (
					"$(inherited)",
					"@executable_path/Frameworks",
					"@loader_path/Frameworks",
				);
				PRODUCT_BUNDLE_IDENTIFIER = tatamotors.TravisDemoTests;
				PRODUCT_NAME = "$(TARGET_NAME)";
				SWIFT_VERSION = 4.2;
				TARGETED_DEVICE_FAMILY = "1,2";
				TEST_HOST = "$(BUILT_PRODUCTS_DIR)/TravisDemo.app/TravisDemo";
			};
			name = Release;
		};
		1857305722A67FD800AAA96D /* Debug */ = {
			isa = XCBuildConfiguration;
			baseConfigurationReference = 20144E831229667119B0FD2E /* Pods-TravisDemoUITests.debug.xcconfig */;
			buildSettings = {
				ALWAYS_EMBED_SWIFT_STANDARD_LIBRARIES = YES;
				CODE_SIGN_STYLE = Automatic;
				DEVELOPMENT_TEAM = YZX53Y3F3U;
				INFOPLIST_FILE = TravisDemoUITests/Info.plist;
				LD_RUNPATH_SEARCH_PATHS = (
					"$(inherited)",
					"@executable_path/Frameworks",
					"@loader_path/Frameworks",
				);
				PRODUCT_BUNDLE_IDENTIFIER = tatamotors.TravisDemoUITests;
				PRODUCT_NAME = "$(TARGET_NAME)";
				SWIFT_VERSION = 4.2;
				TARGETED_DEVICE_FAMILY = "1,2";
				TEST_TARGET_NAME = TravisDemo;
			};
			name = Debug;
		};
		1857305822A67FD800AAA96D /* Release */ = {
			isa = XCBuildConfiguration;
			baseConfigurationReference = C52F2C9C94AEEEEBCA0B4FB0 /* Pods-TravisDemoUITests.release.xcconfig */;
			buildSettings = {
				ALWAYS_EMBED_SWIFT_STANDARD_LIBRARIES = YES;
				CODE_SIGN_STYLE = Automatic;
				DEVELOPMENT_TEAM = YZX53Y3F3U;
				INFOPLIST_FILE = TravisDemoUITests/Info.plist;
				LD_RUNPATH_SEARCH_PATHS = (
					"$(inherited)",
					"@executable_path/Frameworks",
					"@loader_path/Frameworks",
				);
				PRODUCT_BUNDLE_IDENTIFIER = tatamotors.TravisDemoUITests;
				PRODUCT_NAME = "$(TARGET_NAME)";
				SWIFT_VERSION = 4.2;
				TARGETED_DEVICE_FAMILY = "1,2";
				TEST_TARGET_NAME = TravisDemo;
			};
			name = Release;
		};
		1857306622A68A5B00AAA96D /* Debug */ = {
			isa = XCBuildConfiguration;
			buildSettings = {
				ASSETCATALOG_COMPILER_APPICON_NAME = AppIcon;
				CODE_SIGN_STYLE = Automatic;
				DEVELOPMENT_TEAM = YZX53Y3F3U;
				INFOPLIST_FILE = "$(SRCROOT)/TravisDemo/Info.plist";
				LD_RUNPATH_SEARCH_PATHS = (
					"$(inherited)",
					"@executable_path/Frameworks",
				);
				PRODUCT_BUNDLE_IDENTIFIER = tatamotors.TravisDemo;
				PRODUCT_NAME = "$(TARGET_NAME)";
				SWIFT_ACTIVE_COMPILATION_CONDITIONS = "";
				SWIFT_REFLECTION_METADATA_LEVEL = none;
				SWIFT_VERSION = 4.2;
				TARGETED_DEVICE_FAMILY = "1,2";
			};
			name = Debug;
		};
		1857306722A68A5B00AAA96D /* Release */ = {
			isa = XCBuildConfiguration;
			buildSettings = {
				ASSETCATALOG_COMPILER_APPICON_NAME = AppIcon;
				CODE_SIGN_STYLE = Automatic;
				DEVELOPMENT_TEAM = YZX53Y3F3U;
				INFOPLIST_FILE = "$(SRCROOT)/TravisDemo/Info.plist";
				LD_RUNPATH_SEARCH_PATHS = (
					"$(inherited)",
					"@executable_path/Frameworks",
				);
				PRODUCT_BUNDLE_IDENTIFIER = tatamotors.TravisDemo;
				PRODUCT_NAME = "$(TARGET_NAME)";
				SWIFT_ACTIVE_COMPILATION_CONDITIONS = "";
				SWIFT_REFLECTION_METADATA_LEVEL = none;
				SWIFT_VERSION = 4.2;
				TARGETED_DEVICE_FAMILY = "1,2";
			};
			name = Release;
		};
/* End XCBuildConfiguration section */

/* Begin XCConfigurationList section */
		1857302322A67FD500AAA96D /* Build configuration list for PBXProject "TravisDemo" */ = {
			isa = XCConfigurationList;
			buildConfigurations = (
				1857304E22A67FD800AAA96D /* Debug */,
				1857304F22A67FD800AAA96D /* Release */,
			);
			defaultConfigurationIsVisible = 0;
			defaultConfigurationName = Release;
		};
		1857305022A67FD800AAA96D /* Build configuration list for PBXNativeTarget "TravisDemo" */ = {
			isa = XCConfigurationList;
			buildConfigurations = (
				1857305122A67FD800AAA96D /* Debug */,
				1857305222A67FD800AAA96D /* Release */,
			);
			defaultConfigurationIsVisible = 0;
			defaultConfigurationName = Release;
		};
		1857305322A67FD800AAA96D /* Build configuration list for PBXNativeTarget "TravisDemoTests" */ = {
			isa = XCConfigurationList;
			buildConfigurations = (
				1857305422A67FD800AAA96D /* Debug */,
				1857305522A67FD800AAA96D /* Release */,
			);
			defaultConfigurationIsVisible = 0;
			defaultConfigurationName = Release;
		};
		1857305622A67FD800AAA96D /* Build configuration list for PBXNativeTarget "TravisDemoUITests" */ = {
			isa = XCConfigurationList;
			buildConfigurations = (
				1857305722A67FD800AAA96D /* Debug */,
				1857305822A67FD800AAA96D /* Release */,
			);
			defaultConfigurationIsVisible = 0;
			defaultConfigurationName = Release;
		};
		1857306522A68A5B00AAA96D /* Build configuration list for PBXNativeTarget "TravisDemo_Dev" */ = {
			isa = XCConfigurationList;
			buildConfigurations = (
				1857306622A68A5B00AAA96D /* Debug */,
				1857306722A68A5B00AAA96D /* Release */,
			);
			defaultConfigurationIsVisible = 0;
			defaultConfigurationName = Release;
		};
/* End XCConfigurationList section */
	};
	rootObject = 1857302022A67FD500AAA96D /* Project object */;
}
